golang.org/x/sys v0.0.0-20220915200043-7b5979e65e41 h1:ohgcoMbSofXygzo6AD2I1kz3BFmW1QArPYTtwEM3UXc=
golang.org/x/sys v0.0.0-20220915200043-7b5979e65e41/go.mod h1:oPkhp1MJrh7nUepCBck5+mAzfO9JrbApNNgaTdGDITg=
golang.org/x/sys v0.0.0-20220919091848-fb04ddd9f9c8 h1:h+EGohizhe9XlX18rfpa8k8RAc5XyaeamM+0VHRd4lc=
golang.org/x/sys v0.0.0-20220919091848-fb04ddd9f9c8/go.mod h1:oPkhp1MJrh7nUepCBck5+mAzfO9JrbApNNgaTdGDITg=
